// !$*UTF8*$!
{
	archiveVersion = 1;
	classes = {
	};
	objectVersion = 46;
	objects = {

/* Begin PBXBuildFile section */
		82BBC5D51E0E7F380071B9F1 /* AppDelegate.swift in Sources */ = {isa = PBXBuildFile; fileRef = 82BBC5D41E0E7F380071B9F1 /* AppDelegate.swift */; };
		82BBC5D71E0E7F380071B9F1 /* Assets.xcassets in Resources */ = {isa = PBXBuildFile; fileRef = 82BBC5D61E0E7F380071B9F1 /* Assets.xcassets */; };
		82BBC5DA1E0E7F380071B9F1 /* MainMenu.xib in Resources */ = {isa = PBXBuildFile; fileRef = 82BBC5D81E0E7F380071B9F1 /* MainMenu.xib */; };
		82BBC5E81E0E7F650071B9F1 /* Cocoa.framework in Frameworks */ = {isa = PBXBuildFile; fileRef = 82BBC5E71E0E7F650071B9F1 /* Cocoa.framework */; };
		82BBC5ED1E0E7F650071B9F1 /* SourceEditorExtension.swift in Sources */ = {isa = PBXBuildFile; fileRef = 82BBC5EC1E0E7F650071B9F1 /* SourceEditorExtension.swift */; };
		82BBC5EF1E0E7F650071B9F1 /* SourceEditorCommand.swift in Sources */ = {isa = PBXBuildFile; fileRef = 82BBC5EE1E0E7F650071B9F1 /* SourceEditorCommand.swift */; };
		82BBC5F31E0E7F650071B9F1 /* GenerateCases.appex in Embed App Extensions */ = {isa = PBXBuildFile; fileRef = 82BBC5E51E0E7F650071B9F1 /* GenerateCases.appex */; settings = {ATTRIBUTES = (RemoveHeadersOnCopy, ); }; };
/* End PBXBuildFile section */

/* Begin PBXContainerItemProxy section */
		82BBC5F11E0E7F650071B9F1 /* PBXContainerItemProxy */ = {
			isa = PBXContainerItemProxy;
			containerPortal = 82BBC5C91E0E7F380071B9F1 /* Project object */;
			proxyType = 1;
			remoteGlobalIDString = 82BBC5E41E0E7F650071B9F1;
			remoteInfo = GenerateCases;
		};
/* End PBXContainerItemProxy section */

/* Begin PBXCopyFilesBuildPhase section */
		82BBC5F71E0E7F650071B9F1 /* Embed App Extensions */ = {
			isa = PBXCopyFilesBuildPhase;
			buildActionMask = 2147483647;
			dstPath = "";
			dstSubfolderSpec = 13;
			files = (
				82BBC5F31E0E7F650071B9F1 /* GenerateCases.appex in Embed App Extensions */,
			);
			name = "Embed App Extensions";
			runOnlyForDeploymentPostprocessing = 0;
		};
/* End PBXCopyFilesBuildPhase section */

/* Begin PBXFileReference section */
		82BBC5D11E0E7F380071B9F1 /* SwitchCaseGenerator.app */ = {isa = PBXFileReference; explicitFileType = wrapper.application; includeInIndex = 0; path = SwitchCaseGenerator.app; sourceTree = BUILT_PRODUCTS_DIR; };
		82BBC5D41E0E7F380071B9F1 /* AppDelegate.swift */ = {isa = PBXFileReference; lastKnownFileType = sourcecode.swift; path = AppDelegate.swift; sourceTree = "<group>"; };
		82BBC5D61E0E7F380071B9F1 /* Assets.xcassets */ = {isa = PBXFileReference; lastKnownFileType = folder.assetcatalog; path = Assets.xcassets; sourceTree = "<group>"; };
		82BBC5D91E0E7F380071B9F1 /* Base */ = {isa = PBXFileReference; lastKnownFileType = file.xib; name = Base; path = Base.lproj/MainMenu.xib; sourceTree = "<group>"; };
		82BBC5DB1E0E7F380071B9F1 /* Info.plist */ = {isa = PBXFileReference; lastKnownFileType = text.plist.xml; path = Info.plist; sourceTree = "<group>"; };
		82BBC5E51E0E7F650071B9F1 /* GenerateCases.appex */ = {isa = PBXFileReference; explicitFileType = "wrapper.app-extension"; includeInIndex = 0; path = GenerateCases.appex; sourceTree = BUILT_PRODUCTS_DIR; };
		82BBC5E71E0E7F650071B9F1 /* Cocoa.framework */ = {isa = PBXFileReference; lastKnownFileType = wrapper.framework; name = Cocoa.framework; path = System/Library/Frameworks/Cocoa.framework; sourceTree = SDKROOT; };
		82BBC5EB1E0E7F650071B9F1 /* GenerateCases.entitlements */ = {isa = PBXFileReference; lastKnownFileType = text.plist.entitlements; path = GenerateCases.entitlements; sourceTree = "<group>"; };
		82BBC5EC1E0E7F650071B9F1 /* SourceEditorExtension.swift */ = {isa = PBXFileReference; lastKnownFileType = sourcecode.swift; path = SourceEditorExtension.swift; sourceTree = "<group>"; };
		82BBC5EE1E0E7F650071B9F1 /* SourceEditorCommand.swift */ = {isa = PBXFileReference; lastKnownFileType = sourcecode.swift; path = SourceEditorCommand.swift; sourceTree = "<group>"; };
		82BBC5F01E0E7F650071B9F1 /* Info.plist */ = {isa = PBXFileReference; lastKnownFileType = text.plist.xml; path = Info.plist; sourceTree = "<group>"; };
/* End PBXFileReference section */

/* Begin PBXFrameworksBuildPhase section */
		82BBC5CE1E0E7F380071B9F1 /* Frameworks */ = {
			isa = PBXFrameworksBuildPhase;
			buildActionMask = 2147483647;
			files = (
			);
			runOnlyForDeploymentPostprocessing = 0;
		};
		82BBC5E21E0E7F650071B9F1 /* Frameworks */ = {
			isa = PBXFrameworksBuildPhase;
			buildActionMask = 2147483647;
			files = (
				82BBC5E81E0E7F650071B9F1 /* Cocoa.framework in Frameworks */,
			);
			runOnlyForDeploymentPostprocessing = 0;
		};
/* End PBXFrameworksBuildPhase section */

/* Begin PBXGroup section */
		82BBC5C81E0E7F380071B9F1 = {
			isa = PBXGroup;
			children = (
				82BBC5D31E0E7F380071B9F1 /* SwitchCaseGenerator */,
				82BBC5E91E0E7F650071B9F1 /* GenerateCases */,
				82BBC5E61E0E7F650071B9F1 /* Frameworks */,
				82BBC5D21E0E7F380071B9F1 /* Products */,
			);
			sourceTree = "<group>";
		};
		82BBC5D21E0E7F380071B9F1 /* Products */ = {
			isa = PBXGroup;
			children = (
				82BBC5D11E0E7F380071B9F1 /* SwitchCaseGenerator.app */,
				82BBC5E51E0E7F650071B9F1 /* GenerateCases.appex */,
			);
			name = Products;
			sourceTree = "<group>";
		};
		82BBC5D31E0E7F380071B9F1 /* SwitchCaseGenerator */ = {
			isa = PBXGroup;
			children = (
				82BBC5D41E0E7F380071B9F1 /* AppDelegate.swift */,
				82BBC5D61E0E7F380071B9F1 /* Assets.xcassets */,
				82BBC5D81E0E7F380071B9F1 /* MainMenu.xib */,
				82BBC5DB1E0E7F380071B9F1 /* Info.plist */,
			);
			path = SwitchCaseGenerator;
			sourceTree = "<group>";
		};
		82BBC5E61E0E7F650071B9F1 /* Frameworks */ = {
			isa = PBXGroup;
			children = (
				82BBC5E71E0E7F650071B9F1 /* Cocoa.framework */,
			);
			name = Frameworks;
			sourceTree = "<group>";
		};
		82BBC5E91E0E7F650071B9F1 /* GenerateCases */ = {
			isa = PBXGroup;
			children = (
				82BBC5EC1E0E7F650071B9F1 /* SourceEditorExtension.swift */,
				82BBC5EE1E0E7F650071B9F1 /* SourceEditorCommand.swift */,
				82BBC5F01E0E7F650071B9F1 /* Info.plist */,
				82BBC5EA1E0E7F650071B9F1 /* Supporting Files */,
			);
			path = GenerateCases;
			sourceTree = "<group>";
		};
		82BBC5EA1E0E7F650071B9F1 /* Supporting Files */ = {
			isa = PBXGroup;
			children = (
				82BBC5EB1E0E7F650071B9F1 /* GenerateCases.entitlements */,
			);
			name = "Supporting Files";
			sourceTree = "<group>";
		};
/* End PBXGroup section */

/* Begin PBXNativeTarget section */
		82BBC5D01E0E7F380071B9F1 /* SwitchCaseGenerator */ = {
			isa = PBXNativeTarget;
			buildConfigurationList = 82BBC5DE1E0E7F380071B9F1 /* Build configuration list for PBXNativeTarget "SwitchCaseGenerator" */;
			buildPhases = (
				82BBC5CD1E0E7F380071B9F1 /* Sources */,
				82BBC5CE1E0E7F380071B9F1 /* Frameworks */,
				82BBC5CF1E0E7F380071B9F1 /* Resources */,
				82BBC5F71E0E7F650071B9F1 /* Embed App Extensions */,
			);
			buildRules = (
			);
			dependencies = (
				82BBC5F21E0E7F650071B9F1 /* PBXTargetDependency */,
			);
			name = SwitchCaseGenerator;
			productName = SwitchCaseGenerator;
			productReference = 82BBC5D11E0E7F380071B9F1 /* SwitchCaseGenerator.app */;
			productType = "com.apple.product-type.application";
		};
		82BBC5E41E0E7F650071B9F1 /* GenerateCases */ = {
			isa = PBXNativeTarget;
			buildConfigurationList = 82BBC5F41E0E7F650071B9F1 /* Build configuration list for PBXNativeTarget "GenerateCases" */;
			buildPhases = (
				82BBC5E11E0E7F650071B9F1 /* Sources */,
				82BBC5E21E0E7F650071B9F1 /* Frameworks */,
				82BBC5E31E0E7F650071B9F1 /* Resources */,
			);
			buildRules = (
			);
			dependencies = (
			);
			name = GenerateCases;
			productName = GenerateCases;
			productReference = 82BBC5E51E0E7F650071B9F1 /* GenerateCases.appex */;
			productType = "com.apple.product-type.xcode-extension";
		};
/* End PBXNativeTarget section */

/* Begin PBXProject section */
		82BBC5C91E0E7F380071B9F1 /* Project object */ = {
			isa = PBXProject;
			attributes = {
				LastSwiftUpdateCheck = 0810;
				LastUpgradeCheck = 0810;
				ORGANIZATIONNAME = "Timur Galimov";
				TargetAttributes = {
					82BBC5D01E0E7F380071B9F1 = {
						CreatedOnToolsVersion = 8.1;
						DevelopmentTeam = 34BUG46ZSN;
						ProvisioningStyle = Automatic;
					};
					82BBC5E41E0E7F650071B9F1 = {
						CreatedOnToolsVersion = 8.1;
						DevelopmentTeam = 34BUG46ZSN;
						ProvisioningStyle = Automatic;
					};
				};
			};
			buildConfigurationList = 82BBC5CC1E0E7F380071B9F1 /* Build configuration list for PBXProject "SwitchCaseGenerator" */;
			compatibilityVersion = "Xcode 3.2";
			developmentRegion = English;
			hasScannedForEncodings = 0;
			knownRegions = (
				en,
				Base,
			);
			mainGroup = 82BBC5C81E0E7F380071B9F1;
			productRefGroup = 82BBC5D21E0E7F380071B9F1 /* Products */;
			projectDirPath = "";
			projectRoot = "";
			targets = (
				82BBC5D01E0E7F380071B9F1 /* SwitchCaseGenerator */,
				82BBC5E41E0E7F650071B9F1 /* GenerateCases */,
			);
		};
/* End PBXProject section */

/* Begin PBXResourcesBuildPhase section */
		82BBC5CF1E0E7F380071B9F1 /* Resources */ = {
			isa = PBXResourcesBuildPhase;
			buildActionMask = 2147483647;
			files = (
				82BBC5D71E0E7F380071B9F1 /* Assets.xcassets in Resources */,
				82BBC5DA1E0E7F380071B9F1 /* MainMenu.xib in Resources */,
			);
			runOnlyForDeploymentPostprocessing = 0;
		};
		82BBC5E31E0E7F650071B9F1 /* Resources */ = {
			isa = PBXResourcesBuildPhase;
			buildActionMask = 2147483647;
			files = (
			);
			runOnlyForDeploymentPostprocessing = 0;
		};
/* End PBXResourcesBuildPhase section */

/* Begin PBXSourcesBuildPhase section */
		82BBC5CD1E0E7F380071B9F1 /* Sources */ = {
			isa = PBXSourcesBuildPhase;
			buildActionMask = 2147483647;
			files = (
				82BBC5D51E0E7F380071B9F1 /* AppDelegate.swift in Sources */,
			);
			runOnlyForDeploymentPostprocessing = 0;
		};
		82BBC5E11E0E7F650071B9F1 /* Sources */ = {
			isa = PBXSourcesBuildPhase;
			buildActionMask = 2147483647;
			files = (
				82BBC5ED1E0E7F650071B9F1 /* SourceEditorExtension.swift in Sources */,
				82BBC5EF1E0E7F650071B9F1 /* SourceEditorCommand.swift in Sources */,
			);
			runOnlyForDeploymentPostprocessing = 0;
		};
/* End PBXSourcesBuildPhase section */

/* Begin PBXTargetDependency section */
		82BBC5F21E0E7F650071B9F1 /* PBXTargetDependency */ = {
			isa = PBXTargetDependency;
			target = 82BBC5E41E0E7F650071B9F1 /* GenerateCases */;
			targetProxy = 82BBC5F11E0E7F650071B9F1 /* PBXContainerItemProxy */;
		};
/* End PBXTargetDependency section */

/* Begin PBXVariantGroup section */
		82BBC5D81E0E7F380071B9F1 /* MainMenu.xib */ = {
			isa = PBXVariantGroup;
			children = (
				82BBC5D91E0E7F380071B9F1 /* Base */,
			);
			name = MainMenu.xib;
			sourceTree = "<group>";
		};
/* End PBXVariantGroup section */

/* Begin XCBuildConfiguration section */
		82BBC5DC1E0E7F380071B9F1 /* Debug */ = {
			isa = XCBuildConfiguration;
			buildSettings = {
				ALWAYS_SEARCH_USER_PATHS = NO;
				CLANG_ANALYZER_NONNULL = YES;
				CLANG_CXX_LANGUAGE_STANDARD = "gnu++0x";
				CLANG_CXX_LIBRARY = "libc++";
				CLANG_ENABLE_MODULES = YES;
				CLANG_ENABLE_OBJC_ARC = YES;
				CLANG_WARN_BOOL_CONVERSION = YES;
				CLANG_WARN_CONSTANT_CONVERSION = YES;
				CLANG_WARN_DIRECT_OBJC_ISA_USAGE = YES_ERROR;
				CLANG_WARN_DOCUMENTATION_COMMENTS = YES;
				CLANG_WARN_EMPTY_BODY = YES;
				CLANG_WARN_ENUM_CONVERSION = YES;
				CLANG_WARN_INFINITE_RECURSION = YES;
				CLANG_WARN_INT_CONVERSION = YES;
				CLANG_WARN_OBJC_ROOT_CLASS = YES_ERROR;
				CLANG_WARN_SUSPICIOUS_MOVES = YES;
				CLANG_WARN_UNREACHABLE_CODE = YES;
				CLANG_WARN__DUPLICATE_METHOD_MATCH = YES;
				CODE_SIGN_IDENTITY = "-";
				COPY_PHASE_STRIP = NO;
				DEBUG_INFORMATION_FORMAT = dwarf;
				ENABLE_STRICT_OBJC_MSGSEND = YES;
				ENABLE_TESTABILITY = YES;
				GCC_C_LANGUAGE_STANDARD = gnu99;
				GCC_DYNAMIC_NO_PIC = NO;
				GCC_NO_COMMON_BLOCKS = YES;
				GCC_OPTIMIZATION_LEVEL = 0;
				GCC_PREPROCESSOR_DEFINITIONS = (
					"DEBUG=1",
					"$(inherited)",
				);
				GCC_WARN_64_TO_32_BIT_CONVERSION = YES;
				GCC_WARN_ABOUT_RETURN_TYPE = YES_ERROR;
				GCC_WARN_UNDECLARED_SELECTOR = YES;
				GCC_WARN_UNINITIALIZED_AUTOS = YES_AGGRESSIVE;
				GCC_WARN_UNUSED_FUNCTION = YES;
				GCC_WARN_UNUSED_VARIABLE = YES;
				MACOSX_DEPLOYMENT_TARGET = 10.12;
				MTL_ENABLE_DEBUG_INFO = YES;
				ONLY_ACTIVE_ARCH = YES;
				SDKROOT = macosx;
				SWIFT_ACTIVE_COMPILATION_CONDITIONS = DEBUG;
				SWIFT_OPTIMIZATION_LEVEL = "-Onone";
			};
			name = Debug;
		};
		82BBC5DD1E0E7F380071B9F1 /* Release */ = {
			isa = XCBuildConfiguration;
			buildSettings = {
				ALWAYS_SEARCH_USER_PATHS = NO;
				CLANG_ANALYZER_NONNULL = YES;
				CLANG_CXX_LANGUAGE_STANDARD = "gnu++0x";
				CLANG_CXX_LIBRARY = "libc++";
				CLANG_ENABLE_MODULES = YES;
				CLANG_ENABLE_OBJC_ARC = YES;
				CLANG_WARN_BOOL_CONVERSION = YES;
				CLANG_WARN_CONSTANT_CONVERSION = YES;
				CLANG_WARN_DIRECT_OBJC_ISA_USAGE = YES_ERROR;
				CLANG_WARN_DOCUMENTATION_COMMENTS = YES;
				CLANG_WARN_EMPTY_BODY = YES;
				CLANG_WARN_ENUM_CONVERSION = YES;
				CLANG_WARN_INFINITE_RECURSION = YES;
				CLANG_WARN_INT_CONVERSION = YES;
				CLANG_WARN_OBJC_ROOT_CLASS = YES_ERROR;
				CLANG_WARN_SUSPICIOUS_MOVES = YES;
				CLANG_WARN_UNREACHABLE_CODE = YES;
				CLANG_WARN__DUPLICATE_METHOD_MATCH = YES;
				CODE_SIGN_IDENTITY = "-";
				COPY_PHASE_STRIP = NO;
				DEBUG_INFORMATION_FORMAT = "dwarf-with-dsym";
				ENABLE_NS_ASSERTIONS = NO;
				ENABLE_STRICT_OBJC_MSGSEND = YES;
				GCC_C_LANGUAGE_STANDARD = gnu99;
				GCC_NO_COMMON_BLOCKS = YES;
				GCC_WARN_64_TO_32_BIT_CONVERSION = YES;
				GCC_WARN_ABOUT_RETURN_TYPE = YES_ERROR;
				GCC_WARN_UNDECLARED_SELECTOR = YES;
				GCC_WARN_UNINITIALIZED_AUTOS = YES_AGGRESSIVE;
				GCC_WARN_UNUSED_FUNCTION = YES;
				GCC_WARN_UNUSED_VARIABLE = YES;
				MACOSX_DEPLOYMENT_TARGET = 10.12;
				MTL_ENABLE_DEBUG_INFO = NO;
				SDKROOT = macosx;
				SWIFT_OPTIMIZATION_LEVEL = "-Owholemodule";
			};
			name = Release;
		};
		82BBC5DF1E0E7F380071B9F1 /* Debug */ = {
			isa = XCBuildConfiguration;
			buildSettings = {
				ALWAYS_EMBED_SWIFT_STANDARD_LIBRARIES = YES;
				ASSETCATALOG_COMPILER_APPICON_NAME = AppIcon;
				CODE_SIGN_IDENTITY = "Mac Developer";
				COMBINE_HIDPI_IMAGES = YES;
				DEVELOPMENT_TEAM = 34BUG46ZSN;
				INFOPLIST_FILE = SwitchCaseGenerator/Info.plist;
				LD_RUNPATH_SEARCH_PATHS = "$(inherited) @executable_path/../Frameworks";
				PRODUCT_BUNDLE_IDENTIFIER = com.SwitchCaseGenerator;
				PRODUCT_NAME = "$(TARGET_NAME)";
				SWIFT_VERSION = 3.0;
			};
			name = Debug;
		};
		82BBC5E01E0E7F380071B9F1 /* Release */ = {
			isa = XCBuildConfiguration;
			buildSettings = {
				ALWAYS_EMBED_SWIFT_STANDARD_LIBRARIES = YES;
				ASSETCATALOG_COMPILER_APPICON_NAME = AppIcon;
				CODE_SIGN_IDENTITY = "Mac Developer";
				COMBINE_HIDPI_IMAGES = YES;
				DEVELOPMENT_TEAM = 34BUG46ZSN;
				INFOPLIST_FILE = SwitchCaseGenerator/Info.plist;
				LD_RUNPATH_SEARCH_PATHS = "$(inherited) @executable_path/../Frameworks";
				PRODUCT_BUNDLE_IDENTIFIER = com.SwitchCaseGenerator;
				PRODUCT_NAME = "$(TARGET_NAME)";
				SWIFT_VERSION = 3.0;
			};
			name = Release;
		};
		82BBC5F51E0E7F650071B9F1 /* Debug */ = {
			isa = XCBuildConfiguration;
			buildSettings = {
				CODE_SIGN_ENTITLEMENTS = GenerateCases/GenerateCases.entitlements;
				CODE_SIGN_IDENTITY = "Mac Developer";
				COMBINE_HIDPI_IMAGES = YES;
				DEVELOPMENT_TEAM = 34BUG46ZSN;
				INFOPLIST_FILE = GenerateCases/Info.plist;
				LD_RUNPATH_SEARCH_PATHS = "$(inherited) @executable_path/../Frameworks @executable_path/../../../../Frameworks";
				MACOSX_DEPLOYMENT_TARGET = 10.11;
				PRODUCT_BUNDLE_IDENTIFIER = com.SwitchCaseGenerator.GenerateCases;
				PRODUCT_NAME = "$(TARGET_NAME)";
				SKIP_INSTALL = YES;
				SWIFT_VERSION = 3.0;
			};
			name = Debug;
		};
		82BBC5F61E0E7F650071B9F1 /* Release */ = {
			isa = XCBuildConfiguration;
			buildSettings = {
				CODE_SIGN_ENTITLEMENTS = GenerateCases/GenerateCases.entitlements;
				CODE_SIGN_IDENTITY = "Mac Developer";
				COMBINE_HIDPI_IMAGES = YES;
				DEVELOPMENT_TEAM = 34BUG46ZSN;
				INFOPLIST_FILE = GenerateCases/Info.plist;
				LD_RUNPATH_SEARCH_PATHS = "$(inherited) @executable_path/../Frameworks @executable_path/../../../../Frameworks";
				MACOSX_DEPLOYMENT_TARGET = 10.11;
				PRODUCT_BUNDLE_IDENTIFIER = com.SwitchCaseGenerator.GenerateCases;
				PRODUCT_NAME = "$(TARGET_NAME)";
				SKIP_INSTALL = YES;
				SWIFT_VERSION = 3.0;
			};
			name = Release;
		};
/* End XCBuildConfiguration section */

/* Begin XCConfigurationList section */
		82BBC5CC1E0E7F380071B9F1 /* Build configuration list for PBXProject "SwitchCaseGenerator" */ = {
			isa = XCConfigurationList;
			buildConfigurations = (
				82BBC5DC1E0E7F380071B9F1 /* Debug */,
				82BBC5DD1E0E7F380071B9F1 /* Release */,
			);
			defaultConfigurationIsVisible = 0;
			defaultConfigurationName = Release;
		};
		82BBC5DE1E0E7F380071B9F1 /* Build configuration list for PBXNativeTarget "SwitchCaseGenerator" */ = {
			isa = XCConfigurationList;
			buildConfigurations = (
				82BBC5DF1E0E7F380071B9F1 /* Debug */,
				82BBC5E01E0E7F380071B9F1 /* Release */,
			);
			defaultConfigurationIsVisible = 0;
			defaultConfigurationName = Release;
		};
		82BBC5F41E0E7F650071B9F1 /* Build configuration list for PBXNativeTarget "GenerateCases" */ = {
			isa = XCConfigurationList;
			buildConfigurations = (
				82BBC5F51E0E7F650071B9F1 /* Debug */,
				82BBC5F61E0E7F650071B9F1 /* Release */,
			);
			defaultConfigurationIsVisible = 0;
			defaultConfigurationName = Release;
		};
/* End XCConfigurationList section */
	};
	rootObject = 82BBC5C91E0E7F380071B9F1 /* Project object */;
}
